
Microsoft Visual Studio Solution File, Format Version 12.00
# Visual Studio 15
VisualStudioVersion = 15.0.28307.757
MinimumVisualStudioVersion = 10.0.40219.1
Project("{9A19103F-16F7-4668-BE54-9A1E7A4F7556}") = "inventario.COMMON", "inventario.COMMON\inventario.COMMON.csproj", "{84EA72C8-5BB2-4AE1-8334-4B1FE197304A}"
EndProject
Project("{9A19103F-16F7-4668-BE54-9A1E7A4F7556}") = "inventario.DAL", "inventario.DAL\inventario.DAL.csproj", "{2848B397-A5D3-479F-A734-217B004D6F0B}"
EndProject
Project("{FAE04EC0-301F-11D3-BF4B-00C04F79EFBC}") = "Inventario.BIZ", "Inventario.BIZ\Inventario.BIZ.csproj", "{02472DC7-1729-4FF8-A7A1-3050F515B854}"
EndProject
Global
	GlobalSection(SolutionConfigurationPlatforms) = preSolution
		Debug|Any CPU = Debug|Any CPU
		Release|Any CPU = Release|Any CPU
	EndGlobalSection
	GlobalSection(ProjectConfigurationPlatforms) = postSolution
		{84EA72C8-5BB2-4AE1-8334-4B1FE197304A}.Debug|Any CPU.ActiveCfg = Debug|Any CPU
		{84EA72C8-5BB2-4AE1-8334-4B1FE197304A}.Debug|Any CPU.Build.0 = Debug|Any CPU
		{84EA72C8-5BB2-4AE1-8334-4B1FE197304A}.Release|Any CPU.ActiveCfg = Release|Any CPU
		{84EA72C8-5BB2-4AE1-8334-4B1FE197304A}.Release|Any CPU.Build.0 = Release|Any CPU
		{2848B397-A5D3-479F-A734-217B004D6F0B}.Debug|Any CPU.ActiveCfg = Debug|Any CPU
		{2848B397-A5D3-479F-A734-217B004D6F0B}.Debug|Any CPU.Build.0 = Debug|Any CPU
		{2848B397-A5D3-479F-A734-217B004D6F0B}.Release|Any CPU.ActiveCfg = Release|Any CPU
		{2848B397-A5D3-479F-A734-217B004D6F0B}.Release|Any CPU.Build.0 = Release|Any CPU
		{02472DC7-1729-4FF8-A7A1-3050F515B854}.Debug|Any CPU.ActiveCfg = Debug|Any CPU
		{02472DC7-1729-4FF8-A7A1-3050F515B854}.Debug|Any CPU.Build.0 = Debug|Any CPU
		{02472DC7-1729-4FF8-A7A1-3050F515B854}.Release|Any CPU.ActiveCfg = Release|Any CPU
		{02472DC7-1729-4FF8-A7A1-3050F515B854}.Release|Any CPU.Build.0 = Release|Any CPU
	EndGlobalSection
	GlobalSection(SolutionProperties) = preSolution
		HideSolutionNode = FALSE
	EndGlobalSection
	GlobalSection(ExtensibilityGlobals) = postSolution
		SolutionGuid = {38B8B0EC-1581-46A1-90DA-757F23C3C514}
	EndGlobalSection
EndGlobal
